
Microsoft Visual Studio Solution File, Format Version 12.00
# Visual Studio Version 16
VisualStudioVersion = 16.0.29215.179
MinimumVisualStudioVersion = 10.0.40219.1
Project("{FAE04EC0-301F-11D3-BF4B-00C04F79EFBC}") = "motorway-classes", "motorway-classes.csproj", "{32F96129-B6A6-41B9-9092-191E2A530E03}"
EndProject
Global
	GlobalSection(SolutionConfigurationPlatforms) = preSolution
		Debug|Any CPU = Debug|Any CPU
		Release|Any CPU = Release|Any CPU
	EndGlobalSection
	GlobalSection(ProjectConfigurationPlatforms) = postSolution
		{32F96129-B6A6-41B9-9092-191E2A530E03}.Debug|Any CPU.ActiveCfg = Debug|Any CPU
		{32F96129-B6A6-41B9-9092-191E2A530E03}.Debug|Any CPU.Build.0 = Debug|Any CPU
		{32F96129-B6A6-41B9-9092-191E2A530E03}.Release|Any CPU.ActiveCfg = Release|Any CPU
		{32F96129-B6A6-41B9-9092-191E2A530E03}.Release|Any CPU.Build.0 = Release|Any CPU
	EndGlobalSection
	GlobalSection(SolutionProperties) = preSolution
		HideSolutionNode = FALSE
	EndGlobalSection
	GlobalSection(ExtensibilityGlobals) = postSolution
		SolutionGuid = {B2C1013A-E4C8-4174-AAA2-04EF2B1F5CAE}
	EndGlobalSection
EndGlobal
